
Microsoft Visual Studio Solution File, Format Version 12.00
# Visual Studio Version 16
VisualStudioVersion = 16.0.31205.134
MinimumVisualStudioVersion = 10.0.40219.1
Project("{FAE04EC0-301F-11D3-BF4B-00C04F79EFBC}") = "QuanLyDiemSinhVien", "QuanLyDiemSinhVien\QuanLyDiemSinhVien.csproj", "{418C6B40-8007-4643-A23F-5C529D00D83D}"
EndProject
Global
	GlobalSection(SolutionConfigurationPlatforms) = preSolution
		Debug|Any CPU = Debug|Any CPU
		Release|Any CPU = Release|Any CPU
	EndGlobalSection
	GlobalSection(ProjectConfigurationPlatforms) = postSolution
		{418C6B40-8007-4643-A23F-5C529D00D83D}.Debug|Any CPU.ActiveCfg = Debug|Any CPU
		{418C6B40-8007-4643-A23F-5C529D00D83D}.Debug|Any CPU.Build.0 = Debug|Any CPU
		{418C6B40-8007-4643-A23F-5C529D00D83D}.Release|Any CPU.ActiveCfg = Release|Any CPU
		{418C6B40-8007-4643-A23F-5C529D00D83D}.Release|Any CPU.Build.0 = Release|Any CPU
	EndGlobalSection
	GlobalSection(SolutionProperties) = preSolution
		HideSolutionNode = FALSE
	EndGlobalSection
	GlobalSection(ExtensibilityGlobals) = postSolution
		SolutionGuid = {0944E70E-9F45-442E-A02A-9AC2E2A81B14}
	EndGlobalSection
EndGlobal
